
Microsoft Visual Studio Solution File, Format Version 12.00
# Visual Studio Version 17
VisualStudioVersion = 17.8.34309.116
MinimumVisualStudioVersion = 10.0.40219.1
Project("{FAE04EC0-301F-11D3-BF4B-00C04F79EFBC}") = "NoteAppUI", "NoteAppUI\NoteAppUI.csproj", "{FE29E292-D41F-4E4A-8B41-DE5AD62D20B7}"
EndProject
Global
	GlobalSection(SolutionConfigurationPlatforms) = preSolution
		Debug|Any CPU = Debug|Any CPU
		Release|Any CPU = Release|Any CPU
	EndGlobalSection
	GlobalSection(ProjectConfigurationPlatforms) = postSolution
		{FE29E292-D41F-4E4A-8B41-DE5AD62D20B7}.Debug|Any CPU.ActiveCfg = Debug|Any CPU
		{FE29E292-D41F-4E4A-8B41-DE5AD62D20B7}.Debug|Any CPU.Build.0 = Debug|Any CPU
		{FE29E292-D41F-4E4A-8B41-DE5AD62D20B7}.Release|Any CPU.ActiveCfg = Release|Any CPU
		{FE29E292-D41F-4E4A-8B41-DE5AD62D20B7}.Release|Any CPU.Build.0 = Release|Any CPU
	EndGlobalSection
	GlobalSection(SolutionProperties) = preSolution
		HideSolutionNode = FALSE
	EndGlobalSection
	GlobalSection(ExtensibilityGlobals) = postSolution
		SolutionGuid = {61A409F7-3AA4-43AA-A54E-5E7B6743D7C3}
	EndGlobalSection
EndGlobal
